
Microsoft Visual Studio Solution File, Format Version 12.00
# Visual Studio 15
VisualStudioVersion = 15.0.27703.2000
MinimumVisualStudioVersion = 10.0.40219.1
Project("{9A19103F-16F7-4668-BE54-9A1E7A4F7556}") = "WVUPSM.Service", "WVUPSM.Service\WVUPSM.Service.csproj", "{2906BA17-ACAA-4393-8C35-7FEA771964AA}"
EndProject
Project("{FAE04EC0-301F-11D3-BF4B-00C04F79EFBC}") = "WVUPSM.Service.Tests", "WVUPSM.Service.Tests\WVUPSM.Service.Tests.csproj", "{705E51F8-F128-4FDB-B4D9-0921E259BEC1}"
EndProject
Global
	GlobalSection(SolutionConfigurationPlatforms) = preSolution
		Debug|Any CPU = Debug|Any CPU
		Release|Any CPU = Release|Any CPU
	EndGlobalSection
	GlobalSection(ProjectConfigurationPlatforms) = postSolution
		{2906BA17-ACAA-4393-8C35-7FEA771964AA}.Debug|Any CPU.ActiveCfg = Debug|Any CPU
		{2906BA17-ACAA-4393-8C35-7FEA771964AA}.Debug|Any CPU.Build.0 = Debug|Any CPU
		{2906BA17-ACAA-4393-8C35-7FEA771964AA}.Release|Any CPU.ActiveCfg = Release|Any CPU
		{2906BA17-ACAA-4393-8C35-7FEA771964AA}.Release|Any CPU.Build.0 = Release|Any CPU
		{705E51F8-F128-4FDB-B4D9-0921E259BEC1}.Debug|Any CPU.ActiveCfg = Debug|Any CPU
		{705E51F8-F128-4FDB-B4D9-0921E259BEC1}.Debug|Any CPU.Build.0 = Debug|Any CPU
		{705E51F8-F128-4FDB-B4D9-0921E259BEC1}.Release|Any CPU.ActiveCfg = Release|Any CPU
		{705E51F8-F128-4FDB-B4D9-0921E259BEC1}.Release|Any CPU.Build.0 = Release|Any CPU
	EndGlobalSection
	GlobalSection(SolutionProperties) = preSolution
		HideSolutionNode = FALSE
	EndGlobalSection
	GlobalSection(ExtensibilityGlobals) = postSolution
		SolutionGuid = {38426C7F-B0AB-40D9-AA8A-8DECF6574E94}
	EndGlobalSection
EndGlobal
